
Microsoft Visual Studio Solution File, Format Version 12.00
# Visual Studio Version 16
VisualStudioVersion = 16.0.29911.84
MinimumVisualStudioVersion = 10.0.40219.1
Project("{FAE04EC0-301F-11D3-BF4B-00C04F79EFBC}") = "SessionManagement", "SessionManagement\SessionManagement.csproj", "{2F776B87-D462-481C-AB89-32FAA195B934}"
EndProject
Global
	GlobalSection(SolutionConfigurationPlatforms) = preSolution
		Debug|Any CPU = Debug|Any CPU
		Release|Any CPU = Release|Any CPU
	EndGlobalSection
	GlobalSection(ProjectConfigurationPlatforms) = postSolution
		{2F776B87-D462-481C-AB89-32FAA195B934}.Debug|Any CPU.ActiveCfg = Debug|Any CPU
		{2F776B87-D462-481C-AB89-32FAA195B934}.Debug|Any CPU.Build.0 = Debug|Any CPU
		{2F776B87-D462-481C-AB89-32FAA195B934}.Release|Any CPU.ActiveCfg = Release|Any CPU
		{2F776B87-D462-481C-AB89-32FAA195B934}.Release|Any CPU.Build.0 = Release|Any CPU
	EndGlobalSection
	GlobalSection(SolutionProperties) = preSolution
		HideSolutionNode = FALSE
	EndGlobalSection
	GlobalSection(ExtensibilityGlobals) = postSolution
		SolutionGuid = {8C061755-38DB-4540-9DFB-09C51FDC3EBF}
	EndGlobalSection
EndGlobal
